// !$*UTF8*$!
{
	archiveVersion = 1;
	classes = {
	};
	objectVersion = 55;
	objects = {

/* Begin PBXBuildFile section */
		84291C1828F42D9E00CF22B8 /* ViewController.swift in Sources */ = {isa = PBXBuildFile; fileRef = 84291C1728F42D9E00CF22B8 /* ViewController.swift */; };
		84291C1A28F42F4000CF22B8 /* WkWebViewController.swift in Sources */ = {isa = PBXBuildFile; fileRef = 84291C1928F42F4000CF22B8 /* WkWebViewController.swift */; };
		84734BD1287D4408005E28CF /* AppDelegate.swift in Sources */ = {isa = PBXBuildFile; fileRef = 84734BD0287D4408005E28CF /* AppDelegate.swift */; };
		84734BD3287D4408005E28CF /* SceneDelegate.swift in Sources */ = {isa = PBXBuildFile; fileRef = 84734BD2287D4408005E28CF /* SceneDelegate.swift */; };
		84734BD8287D4408005E28CF /* Main.storyboard in Resources */ = {isa = PBXBuildFile; fileRef = 84734BD6287D4408005E28CF /* Main.storyboard */; };
		84734BDA287D4408005E28CF /* Assets.xcassets in Resources */ = {isa = PBXBuildFile; fileRef = 84734BD9287D4408005E28CF /* Assets.xcassets */; };
		84734BDD287D4408005E28CF /* LaunchScreen.storyboard in Resources */ = {isa = PBXBuildFile; fileRef = 84734BDB287D4408005E28CF /* LaunchScreen.storyboard */; };
		84734BE8287D4408005E28CF /* ViewNavigationTests.swift in Sources */ = {isa = PBXBuildFile; fileRef = 84734BE7287D4408005E28CF /* ViewNavigationTests.swift */; };
		84734BF2287D4409005E28CF /* ViewNavigationUITests.swift in Sources */ = {isa = PBXBuildFile; fileRef = 84734BF1287D4409005E28CF /* ViewNavigationUITests.swift */; };
		84734BF4287D4409005E28CF /* ViewNavigationUITestsLaunchTests.swift in Sources */ = {isa = PBXBuildFile; fileRef = 84734BF3287D4409005E28CF /* ViewNavigationUITestsLaunchTests.swift */; };
/* End PBXBuildFile section */

/* Begin PBXContainerItemProxy section */
		84734BE4287D4408005E28CF /* PBXContainerItemProxy */ = {
			isa = PBXContainerItemProxy;
			containerPortal = 84734BC5287D4408005E28CF /* Project object */;
			proxyType = 1;
			remoteGlobalIDString = 84734BCC287D4408005E28CF;
			remoteInfo = ViewNavigation;
		};
		84734BEE287D4409005E28CF /* PBXContainerItemProxy */ = {
			isa = PBXContainerItemProxy;
			containerPortal = 84734BC5287D4408005E28CF /* Project object */;
			proxyType = 1;
			remoteGlobalIDString = 84734BCC287D4408005E28CF;
			remoteInfo = ViewNavigation;
		};
/* End PBXContainerItemProxy section */

/* Begin PBXFileReference section */
		84291C1728F42D9E00CF22B8 /* ViewController.swift */ = {isa = PBXFileReference; fileEncoding = 4; lastKnownFileType = sourcecode.swift; path = ViewController.swift; sourceTree = "<group>"; };
		84291C1928F42F4000CF22B8 /* WkWebViewController.swift */ = {isa = PBXFileReference; fileEncoding = 4; lastKnownFileType = sourcecode.swift; path = WkWebViewController.swift; sourceTree = "<group>"; };
		84734BCD287D4408005E28CF /* ViewNavigation.app */ = {isa = PBXFileReference; explicitFileType = wrapper.application; includeInIndex = 0; path = ViewNavigation.app; sourceTree = BUILT_PRODUCTS_DIR; };
		84734BD0287D4408005E28CF /* AppDelegate.swift */ = {isa = PBXFileReference; lastKnownFileType = sourcecode.swift; path = AppDelegate.swift; sourceTree = "<group>"; };
		84734BD2287D4408005E28CF /* SceneDelegate.swift */ = {isa = PBXFileReference; lastKnownFileType = sourcecode.swift; path = SceneDelegate.swift; sourceTree = "<group>"; };
		84734BD7287D4408005E28CF /* Base */ = {isa = PBXFileReference; lastKnownFileType = file.storyboard; name = Base; path = Base.lproj/Main.storyboard; sourceTree = "<group>"; };
		84734BD9287D4408005E28CF /* Assets.xcassets */ = {isa = PBXFileReference; lastKnownFileType = folder.assetcatalog; path = Assets.xcassets; sourceTree = "<group>"; };
		84734BDC287D4408005E28CF /* Base */ = {isa = PBXFileReference; lastKnownFileType = file.storyboard; name = Base; path = Base.lproj/LaunchScreen.storyboard; sourceTree = "<group>"; };
		84734BDE287D4408005E28CF /* Info.plist */ = {isa = PBXFileReference; lastKnownFileType = text.plist.xml; path = Info.plist; sourceTree = "<group>"; };
		84734BE3287D4408005E28CF /* ViewNavigationTests.xctest */ = {isa = PBXFileReference; explicitFileType = wrapper.cfbundle; includeInIndex = 0; path = ViewNavigationTests.xctest; sourceTree = BUILT_PRODUCTS_DIR; };
		84734BE7287D4408005E28CF /* ViewNavigationTests.swift */ = {isa = PBXFileReference; lastKnownFileType = sourcecode.swift; path = ViewNavigationTests.swift; sourceTree = "<group>"; };
		84734BED287D4408005E28CF /* ViewNavigationUITests.xctest */ = {isa = PBXFileReference; explicitFileType = wrapper.cfbundle; includeInIndex = 0; path = ViewNavigationUITests.xctest; sourceTree = BUILT_PRODUCTS_DIR; };
		84734BF1287D4409005E28CF /* ViewNavigationUITests.swift */ = {isa = PBXFileReference; lastKnownFileType = sourcecode.swift; path = ViewNavigationUITests.swift; sourceTree = "<group>"; };
		84734BF3287D4409005E28CF /* ViewNavigationUITestsLaunchTests.swift */ = {isa = PBXFileReference; lastKnownFileType = sourcecode.swift; path = ViewNavigationUITestsLaunchTests.swift; sourceTree = "<group>"; };
/* End PBXFileReference section */

/* Begin PBXFrameworksBuildPhase section */
		84734BCA287D4408005E28CF /* Frameworks */ = {
			isa = PBXFrameworksBuildPhase;
			buildActionMask = 2147483647;
			files = (
			);
			runOnlyForDeploymentPostprocessing = 0;
		};
		84734BE0287D4408005E28CF /* Frameworks */ = {
			isa = PBXFrameworksBuildPhase;
			buildActionMask = 2147483647;
			files = (
			);
			runOnlyForDeploymentPostprocessing = 0;
		};
		84734BEA287D4408005E28CF /* Frameworks */ = {
			isa = PBXFrameworksBuildPhase;
			buildActionMask = 2147483647;
			files = (
			);
			runOnlyForDeploymentPostprocessing = 0;
		};
/* End PBXFrameworksBuildPhase section */

/* Begin PBXGroup section */
		84734BC4287D4408005E28CF = {
			isa = PBXGroup;
			children = (
				84734BCF287D4408005E28CF /* ViewNavigation */,
				84734BE6287D4408005E28CF /* ViewNavigationTests */,
				84734BF0287D4409005E28CF /* ViewNavigationUITests */,
				84734BCE287D4408005E28CF /* Products */,
			);
			sourceTree = "<group>";
		};
		84734BCE287D4408005E28CF /* Products */ = {
			isa = PBXGroup;
			children = (
				84734BCD287D4408005E28CF /* ViewNavigation.app */,
				84734BE3287D4408005E28CF /* ViewNavigationTests.xctest */,
				84734BED287D4408005E28CF /* ViewNavigationUITests.xctest */,
			);
			name = Products;
			sourceTree = "<group>";
		};
		84734BCF287D4408005E28CF /* ViewNavigation */ = {
			isa = PBXGroup;
			children = (
				84291C1728F42D9E00CF22B8 /* ViewController.swift */,
				84291C1928F42F4000CF22B8 /* WkWebViewController.swift */,
				84734BD0287D4408005E28CF /* AppDelegate.swift */,
				84734BD2287D4408005E28CF /* SceneDelegate.swift */,
				84734BD6287D4408005E28CF /* Main.storyboard */,
				84734BD9287D4408005E28CF /* Assets.xcassets */,
				84734BDB287D4408005E28CF /* LaunchScreen.storyboard */,
				84734BDE287D4408005E28CF /* Info.plist */,
			);
			path = ViewNavigation;
			sourceTree = "<group>";
		};
		84734BE6287D4408005E28CF /* ViewNavigationTests */ = {
			isa = PBXGroup;
			children = (
				84734BE7287D4408005E28CF /* ViewNavigationTests.swift */,
			);
			path = ViewNavigationTests;
			sourceTree = "<group>";
		};
		84734BF0287D4409005E28CF /* ViewNavigationUITests */ = {
			isa = PBXGroup;
			children = (
				84734BF1287D4409005E28CF /* ViewNavigationUITests.swift */,
				84734BF3287D4409005E28CF /* ViewNavigationUITestsLaunchTests.swift */,
			);
			path = ViewNavigationUITests;
			sourceTree = "<group>";
		};
/* End PBXGroup section */

/* Begin PBXNativeTarget section */
		84734BCC287D4408005E28CF /* ViewNavigation */ = {
			isa = PBXNativeTarget;
			buildConfigurationList = 84734BF7287D4409005E28CF /* Build configuration list for PBXNativeTarget "ViewNavigation" */;
			buildPhases = (
				84734BC9287D4408005E28CF /* Sources */,
				84734BCA287D4408005E28CF /* Frameworks */,
				84734BCB287D4408005E28CF /* Resources */,
			);
			buildRules = (
			);
			dependencies = (
			);
			name = ViewNavigation;
			productName = ViewNavigation;
			productReference = 84734BCD287D4408005E28CF /* ViewNavigation.app */;
			productType = "com.apple.product-type.application";
		};
		84734BE2287D4408005E28CF /* ViewNavigationTests */ = {
			isa = PBXNativeTarget;
			buildConfigurationList = 84734BFA287D4409005E28CF /* Build configuration list for PBXNativeTarget "ViewNavigationTests" */;
			buildPhases = (
				84734BDF287D4408005E28CF /* Sources */,
				84734BE0287D4408005E28CF /* Frameworks */,
				84734BE1287D4408005E28CF /* Resources */,
			);
			buildRules = (
			);
			dependencies = (
				84734BE5287D4408005E28CF /* PBXTargetDependency */,
			);
			name = ViewNavigationTests;
			productName = ViewNavigationTests;
			productReference = 84734BE3287D4408005E28CF /* ViewNavigationTests.xctest */;
			productType = "com.apple.product-type.bundle.unit-test";
		};
		84734BEC287D4408005E28CF /* ViewNavigationUITests */ = {
			isa = PBXNativeTarget;
			buildConfigurationList = 84734BFD287D4409005E28CF /* Build configuration list for PBXNativeTarget "ViewNavigationUITests" */;
			buildPhases = (
				84734BE9287D4408005E28CF /* Sources */,
				84734BEA287D4408005E28CF /* Frameworks */,
				84734BEB287D4408005E28CF /* Resources */,
			);
			buildRules = (
			);
			dependencies = (
				84734BEF287D4409005E28CF /* PBXTargetDependency */,
			);
			name = ViewNavigationUITests;
			productName = ViewNavigationUITests;
			productReference = 84734BED287D4408005E28CF /* ViewNavigationUITests.xctest */;
			productType = "com.apple.product-type.bundle.ui-testing";
		};
/* End PBXNativeTarget section */

/* Begin PBXProject section */
		84734BC5287D4408005E28CF /* Project object */ = {
			isa = PBXProject;
			attributes = {
				BuildIndependentTargetsInParallel = 1;
				LastSwiftUpdateCheck = 1340;
				LastUpgradeCheck = 1340;
				TargetAttributes = {
					84734BCC287D4408005E28CF = {
						CreatedOnToolsVersion = 13.4.1;
					};
					84734BE2287D4408005E28CF = {
						CreatedOnToolsVersion = 13.4.1;
						TestTargetID = 84734BCC287D4408005E28CF;
					};
					84734BEC287D4408005E28CF = {
						CreatedOnToolsVersion = 13.4.1;
						TestTargetID = 84734BCC287D4408005E28CF;
					};
				};
			};
			buildConfigurationList = 84734BC8287D4408005E28CF /* Build configuration list for PBXProject "ViewNavigation" */;
			compatibilityVersion = "Xcode 13.0";
			developmentRegion = en;
			hasScannedForEncodings = 0;
			knownRegions = (
				en,
				Base,
			);
			mainGroup = 84734BC4287D4408005E28CF;
			productRefGroup = 84734BCE287D4408005E28CF /* Products */;
			projectDirPath = "";
			projectRoot = "";
			targets = (
				84734BCC287D4408005E28CF /* ViewNavigation */,
				84734BE2287D4408005E28CF /* ViewNavigationTests */,
				84734BEC287D4408005E28CF /* ViewNavigationUITests */,
			);
		};
/* End PBXProject section */

/* Begin PBXResourcesBuildPhase section */
		84734BCB287D4408005E28CF /* Resources */ = {
			isa = PBXResourcesBuildPhase;
			buildActionMask = 2147483647;
			files = (
				84734BDD287D4408005E28CF /* LaunchScreen.storyboard in Resources */,
				84734BDA287D4408005E28CF /* Assets.xcassets in Resources */,
				84734BD8287D4408005E28CF /* Main.storyboard in Resources */,
			);
			runOnlyForDeploymentPostprocessing = 0;
		};
		84734BE1287D4408005E28CF /* Resources */ = {
			isa = PBXResourcesBuildPhase;
			buildActionMask = 2147483647;
			files = (
			);
			runOnlyForDeploymentPostprocessing = 0;
		};
		84734BEB287D4408005E28CF /* Resources */ = {
			isa = PBXResourcesBuildPhase;
			buildActionMask = 2147483647;
			files = (
			);
			runOnlyForDeploymentPostprocessing = 0;
		};
/* End PBXResourcesBuildPhase section */

/* Begin PBXSourcesBuildPhase section */
		84734BC9287D4408005E28CF /* Sources */ = {
			isa = PBXSourcesBuildPhase;
			buildActionMask = 2147483647;
			files = (
				84734BD1287D4408005E28CF /* AppDelegate.swift in Sources */,
				84291C1828F42D9E00CF22B8 /* ViewController.swift in Sources */,
				84734BD3287D4408005E28CF /* SceneDelegate.swift in Sources */,
				84291C1A28F42F4000CF22B8 /* WkWebViewController.swift in Sources */,
			);
			runOnlyForDeploymentPostprocessing = 0;
		};
		84734BDF287D4408005E28CF /* Sources */ = {
			isa = PBXSourcesBuildPhase;
			buildActionMask = 2147483647;
			files = (
				84734BE8287D4408005E28CF /* ViewNavigationTests.swift in Sources */,
			);
			runOnlyForDeploymentPostprocessing = 0;
		};
		84734BE9287D4408005E28CF /* Sources */ = {
			isa = PBXSourcesBuildPhase;
			buildActionMask = 2147483647;
			files = (
				84734BF2287D4409005E28CF /* ViewNavigationUITests.swift in Sources */,
				84734BF4287D4409005E28CF /* ViewNavigationUITestsLaunchTests.swift in Sources */,
			);
			runOnlyForDeploymentPostprocessing = 0;
		};
/* End PBXSourcesBuildPhase section */

/* Begin PBXTargetDependency section */
		84734BE5287D4408005E28CF /* PBXTargetDependency */ = {
			isa = PBXTargetDependency;
			target = 84734BCC287D4408005E28CF /* ViewNavigation */;
			targetProxy = 84734BE4287D4408005E28CF /* PBXContainerItemProxy */;
		};
		84734BEF287D4409005E28CF /* PBXTargetDependency */ = {
			isa = PBXTargetDependency;
			target = 84734BCC287D4408005E28CF /* ViewNavigation */;
			targetProxy = 84734BEE287D4409005E28CF /* PBXContainerItemProxy */;
		};
/* End PBXTargetDependency section */

/* Begin PBXVariantGroup section */
		84734BD6287D4408005E28CF /* Main.storyboard */ = {
			isa = PBXVariantGroup;
			children = (
				84734BD7287D4408005E28CF /* Base */,
			);
			name = Main.storyboard;
			sourceTree = "<group>";
		};
		84734BDB287D4408005E28CF /* LaunchScreen.storyboard */ = {
			isa = PBXVariantGroup;
			children = (
				84734BDC287D4408005E28CF /* Base */,
			);
			name = LaunchScreen.storyboard;
			sourceTree = "<group>";
		};
/* End PBXVariantGroup section */

/* Begin XCBuildConfiguration section */
		84734BF5287D4409005E28CF /* Debug */ = {
			isa = XCBuildConfiguration;
			buildSettings = {
				ALWAYS_SEARCH_USER_PATHS = NO;
				CLANG_ANALYZER_NONNULL = YES;
				CLANG_ANALYZER_NUMBER_OBJECT_CONVERSION = YES_AGGRESSIVE;
				CLANG_CXX_LANGUAGE_STANDARD = "gnu++17";
				CLANG_ENABLE_MODULES = YES;
				CLANG_ENABLE_OBJC_ARC = YES;
				CLANG_ENABLE_OBJC_WEAK = YES;
				CLANG_WARN_BLOCK_CAPTURE_AUTORELEASING = YES;
				CLANG_WARN_BOOL_CONVERSION = YES;
				CLANG_WARN_COMMA = YES;
				CLANG_WARN_CONSTANT_CONVERSION = YES;
				CLANG_WARN_DEPRECATED_OBJC_IMPLEMENTATIONS = YES;
				CLANG_WARN_DIRECT_OBJC_ISA_USAGE = YES_ERROR;
				CLANG_WARN_DOCUMENTATION_COMMENTS = YES;
				CLANG_WARN_EMPTY_BODY = YES;
				CLANG_WARN_ENUM_CONVERSION = YES;
				CLANG_WARN_INFINITE_RECURSION = YES;
				CLANG_WARN_INT_CONVERSION = YES;
				CLANG_WARN_NON_LITERAL_NULL_CONVERSION = YES;
				CLANG_WARN_OBJC_IMPLICIT_RETAIN_SELF = YES;
				CLANG_WARN_OBJC_LITERAL_CONVERSION = YES;
				CLANG_WARN_OBJC_ROOT_CLASS = YES_ERROR;
				CLANG_WARN_QUOTED_INCLUDE_IN_FRAMEWORK_HEADER = YES;
				CLANG_WARN_RANGE_LOOP_ANALYSIS = YES;
				CLANG_WARN_STRICT_PROTOTYPES = YES;
				CLANG_WARN_SUSPICIOUS_MOVE = YES;
				CLANG_WARN_UNGUARDED_AVAILABILITY = YES_AGGRESSIVE;
				CLANG_WARN_UNREACHABLE_CODE = YES;
				CLANG_WARN__DUPLICATE_METHOD_MATCH = YES;
				COPY_PHASE_STRIP = NO;
				DEBUG_INFORMATION_FORMAT = dwarf;
				ENABLE_STRICT_OBJC_MSGSEND = YES;
				ENABLE_TESTABILITY = YES;
				GCC_C_LANGUAGE_STANDARD = gnu11;
				GCC_DYNAMIC_NO_PIC = NO;
				GCC_NO_COMMON_BLOCKS = YES;
				GCC_OPTIMIZATION_LEVEL = 0;
				GCC_PREPROCESSOR_DEFINITIONS = (
					"DEBUG=1",
					"$(inherited)",
				);
				GCC_WARN_64_TO_32_BIT_CONVERSION = YES;
				GCC_WARN_ABOUT_RETURN_TYPE = YES_ERROR;
				GCC_WARN_UNDECLARED_SELECTOR = YES;
				GCC_WARN_UNINITIALIZED_AUTOS = YES_AGGRESSIVE;
				GCC_WARN_UNUSED_FUNCTION = YES;
				GCC_WARN_UNUSED_VARIABLE = YES;
				IPHONEOS_DEPLOYMENT_TARGET = 14.0;
				MTL_ENABLE_DEBUG_INFO = INCLUDE_SOURCE;
				MTL_FAST_MATH = YES;
				ONLY_ACTIVE_ARCH = YES;
				SDKROOT = iphoneos;
				SWIFT_ACTIVE_COMPILATION_CONDITIONS = DEBUG;
				SWIFT_OPTIMIZATION_LEVEL = "-Onone";
			};
			name = Debug;
		};
		84734BF6287D4409005E28CF /* Release */ = {
			isa = XCBuildConfiguration;
			buildSettings = {
				ALWAYS_SEARCH_USER_PATHS = NO;
				CLANG_ANALYZER_NONNULL = YES;
				CLANG_ANALYZER_NUMBER_OBJECT_CONVERSION = YES_AGGRESSIVE;
				CLANG_CXX_LANGUAGE_STANDARD = "gnu++17";
				CLANG_ENABLE_MODULES = YES;
				CLANG_ENABLE_OBJC_ARC = YES;
				CLANG_ENABLE_OBJC_WEAK = YES;
				CLANG_WARN_BLOCK_CAPTURE_AUTORELEASING = YES;
				CLANG_WARN_BOOL_CONVERSION = YES;
				CLANG_WARN_COMMA = YES;
				CLANG_WARN_CONSTANT_CONVERSION = YES;
				CLANG_WARN_DEPRECATED_OBJC_IMPLEMENTATIONS = YES;
				CLANG_WARN_DIRECT_OBJC_ISA_USAGE = YES_ERROR;
				CLANG_WARN_DOCUMENTATION_COMMENTS = YES;
				CLANG_WARN_EMPTY_BODY = YES;
				CLANG_WARN_ENUM_CONVERSION = YES;
				CLANG_WARN_INFINITE_RECURSION = YES;
				CLANG_WARN_INT_CONVERSION = YES;
				CLANG_WARN_NON_LITERAL_NULL_CONVERSION = YES;
				CLANG_WARN_OBJC_IMPLICIT_RETAIN_SELF = YES;
				CLANG_WARN_OBJC_LITERAL_CONVERSION = YES;
				CLANG_WARN_OBJC_ROOT_CLASS = YES_ERROR;
				CLANG_WARN_QUOTED_INCLUDE_IN_FRAMEWORK_HEADER = YES;
				CLANG_WARN_RANGE_LOOP_ANALYSIS = YES;
				CLANG_WARN_STRICT_PROTOTYPES = YES;
				CLANG_WARN_SUSPICIOUS_MOVE = YES;
				CLANG_WARN_UNGUARDED_AVAILABILITY = YES_AGGRESSIVE;
				CLANG_WARN_UNREACHABLE_CODE = YES;
				CLANG_WARN__DUPLICATE_METHOD_MATCH = YES;
				COPY_PHASE_STRIP = NO;
				DEBUG_INFORMATION_FORMAT = "dwarf-with-dsym";
				ENABLE_NS_ASSERTIONS = NO;
				ENABLE_STRICT_OBJC_MSGSEND = YES;
				GCC_C_LANGUAGE_STANDARD = gnu11;
				GCC_NO_COMMON_BLOCKS = YES;
				GCC_WARN_64_TO_32_BIT_CONVERSION = YES;
				GCC_WARN_ABOUT_RETURN_TYPE = YES_ERROR;
				GCC_WARN_UNDECLARED_SELECTOR = YES;
				GCC_WARN_UNINITIALIZED_AUTOS = YES_AGGRESSIVE;
				GCC_WARN_UNUSED_FUNCTION = YES;
				GCC_WARN_UNUSED_VARIABLE = YES;
				IPHONEOS_DEPLOYMENT_TARGET = 14.0;
				MTL_ENABLE_DEBUG_INFO = NO;
				MTL_FAST_MATH = YES;
				SDKROOT = iphoneos;
				SWIFT_COMPILATION_MODE = wholemodule;
				SWIFT_OPTIMIZATION_LEVEL = "-O";
				VALIDATE_PRODUCT = YES;
			};
			name = Release;
		};
		84734BF8287D4409005E28CF /* Debug */ = {
			isa = XCBuildConfiguration;
			buildSettings = {
				ASSETCATALOG_COMPILER_APPICON_NAME = AppIcon;
				ASSETCATALOG_COMPILER_GLOBAL_ACCENT_COLOR_NAME = AccentColor;
				CODE_SIGN_STYLE = Automatic;
				CURRENT_PROJECT_VERSION = 1;
				DEVELOPMENT_TEAM = BRVU32TPD7;
				GENERATE_INFOPLIST_FILE = YES;
				INFOPLIST_FILE = ViewNavigation/Info.plist;
				INFOPLIST_KEY_LSApplicationCategoryType = "";
				INFOPLIST_KEY_NSCameraUsageDescription = "To click photo";
				INFOPLIST_KEY_NSLocationUsageDescription = "To capture location";
				INFOPLIST_KEY_NSLocationWhenInUseUsageDescription = "To capture Location";
				INFOPLIST_KEY_NSMicrophoneUsageDescription = "To record audio";
				INFOPLIST_KEY_UIApplicationSupportsIndirectInputEvents = YES;
				INFOPLIST_KEY_UILaunchStoryboardName = LaunchScreen;
				INFOPLIST_KEY_UIMainStoryboardFile = Main;
				INFOPLIST_KEY_UISupportedInterfaceOrientations_iPad = "UIInterfaceOrientationPortrait UIInterfaceOrientationPortraitUpsideDown UIInterfaceOrientationLandscapeLeft UIInterfaceOrientationLandscapeRight";
				INFOPLIST_KEY_UISupportedInterfaceOrientations_iPhone = "UIInterfaceOrientationPortrait UIInterfaceOrientationLandscapeLeft UIInterfaceOrientationLandscapeRight";
				IPHONEOS_DEPLOYMENT_TARGET = 13.0;
				LD_RUNPATH_SEARCH_PATHS = (
					"$(inherited)",
					"@executable_path/Frameworks",
				);
				MARKETING_VERSION = 1.0;
				PRODUCT_BUNDLE_IDENTIFIER = idfy.webview;
				PRODUCT_NAME = "$(TARGET_NAME)";
				SWIFT_EMIT_LOC_STRINGS = YES;
				SWIFT_VERSION = 5.0;
				TARGETED_DEVICE_FAMILY = "1,2";
			};
			name = Debug;
		};
		84734BF9287D4409005E28CF /* Release */ = {
			isa = XCBuildConfiguration;
			buildSettings = {
				ASSETCATALOG_COMPILER_APPICON_NAME = AppIcon;
				ASSETCATALOG_COMPILER_GLOBAL_ACCENT_COLOR_NAME = AccentColor;
				CODE_SIGN_STYLE = Automatic;
				CURRENT_PROJECT_VERSION = 1;
				DEVELOPMENT_TEAM = BRVU32TPD7;
				GENERATE_INFOPLIST_FILE = YES;
				INFOPLIST_FILE = ViewNavigation/Info.plist;
				INFOPLIST_KEY_LSApplicationCategoryType = "";
				INFOPLIST_KEY_NSCameraUsageDescription = "To click photo";
				INFOPLIST_KEY_NSLocationUsageDescription = "To capture location";
				INFOPLIST_KEY_NSLocationWhenInUseUsageDescription = "To capture Location";
				INFOPLIST_KEY_NSMicrophoneUsageDescription = "To record audio";
				INFOPLIST_KEY_UIApplicationSupportsIndirectInputEvents = YES;
				INFOPLIST_KEY_UILaunchStoryboardName = LaunchScreen;
				INFOPLIST_KEY_UIMainStoryboardFile = Main;
				INFOPLIST_KEY_UISupportedInterfaceOrientations_iPad = "UIInterfaceOrientationPortrait UIInterfaceOrientationPortraitUpsideDown UIInterfaceOrientationLandscapeLeft UIInterfaceOrientationLandscapeRight";
				INFOPLIST_KEY_UISupportedInterfaceOrientations_iPhone = "UIInterfaceOrientationPortrait UIInterfaceOrientationLandscapeLeft UIInterfaceOrientationLandscapeRight";
				IPHONEOS_DEPLOYMENT_TARGET = 13.0;
				LD_RUNPATH_SEARCH_PATHS = (
					"$(inherited)",
					"@executable_path/Frameworks",
				);
				MARKETING_VERSION = 1.0;
				PRODUCT_BUNDLE_IDENTIFIER = idfy.webview;
				PRODUCT_NAME = "$(TARGET_NAME)";
				SWIFT_EMIT_LOC_STRINGS = YES;
				SWIFT_VERSION = 5.0;
				TARGETED_DEVICE_FAMILY = "1,2";
			};
			name = Release;
		};
		84734BFB287D4409005E28CF /* Debug */ = {
			isa = XCBuildConfiguration;
			buildSettings = {
				ALWAYS_EMBED_SWIFT_STANDARD_LIBRARIES = YES;
				BUNDLE_LOADER = "$(TEST_HOST)";
				CODE_SIGN_STYLE = Automatic;
				CURRENT_PROJECT_VERSION = 1;
				DEVELOPMENT_TEAM = BRVU32TPD7;
				GENERATE_INFOPLIST_FILE = YES;
				IPHONEOS_DEPLOYMENT_TARGET = 15.5;
				MARKETING_VERSION = 1.0;
				PRODUCT_BUNDLE_IDENTIFIER = shashwat.ViewNavigationTests;
				PRODUCT_NAME = "$(TARGET_NAME)";
				SWIFT_EMIT_LOC_STRINGS = NO;
				SWIFT_VERSION = 5.0;
				TARGETED_DEVICE_FAMILY = "1,2";
				TEST_HOST = "$(BUILT_PRODUCTS_DIR)/ViewNavigation.app/ViewNavigation";
			};
			name = Debug;
		};
		84734BFC287D4409005E28CF /* Release */ = {
			isa = XCBuildConfiguration;
			buildSettings = {
				ALWAYS_EMBED_SWIFT_STANDARD_LIBRARIES = YES;
				BUNDLE_LOADER = "$(TEST_HOST)";
				CODE_SIGN_STYLE = Automatic;
				CURRENT_PROJECT_VERSION = 1;
				DEVELOPMENT_TEAM = BRVU32TPD7;
				GENERATE_INFOPLIST_FILE = YES;
				IPHONEOS_DEPLOYMENT_TARGET = 15.5;
				MARKETING_VERSION = 1.0;
				PRODUCT_BUNDLE_IDENTIFIER = shashwat.ViewNavigationTests;
				PRODUCT_NAME = "$(TARGET_NAME)";
				SWIFT_EMIT_LOC_STRINGS = NO;
				SWIFT_VERSION = 5.0;
				TARGETED_DEVICE_FAMILY = "1,2";
				TEST_HOST = "$(BUILT_PRODUCTS_DIR)/ViewNavigation.app/ViewNavigation";
			};
			name = Release;
		};
		84734BFE287D4409005E28CF /* Debug */ = {
			isa = XCBuildConfiguration;
			buildSettings = {
				ALWAYS_EMBED_SWIFT_STANDARD_LIBRARIES = YES;
				CODE_SIGN_STYLE = Automatic;
				CURRENT_PROJECT_VERSION = 1;
				DEVELOPMENT_TEAM = BRVU32TPD7;
				GENERATE_INFOPLIST_FILE = YES;
				MARKETING_VERSION = 1.0;
				PRODUCT_BUNDLE_IDENTIFIER = shashwat.ViewNavigationUITests;
				PRODUCT_NAME = "$(TARGET_NAME)";
				SWIFT_EMIT_LOC_STRINGS = NO;
				SWIFT_VERSION = 5.0;
				TARGETED_DEVICE_FAMILY = "1,2";
				TEST_TARGET_NAME = ViewNavigation;
			};
			name = Debug;
		};
		84734BFF287D4409005E28CF /* Release */ = {
			isa = XCBuildConfiguration;
			buildSettings = {
				ALWAYS_EMBED_SWIFT_STANDARD_LIBRARIES = YES;
				CODE_SIGN_STYLE = Automatic;
				CURRENT_PROJECT_VERSION = 1;
				DEVELOPMENT_TEAM = BRVU32TPD7;
				GENERATE_INFOPLIST_FILE = YES;
				MARKETING_VERSION = 1.0;
				PRODUCT_BUNDLE_IDENTIFIER = shashwat.ViewNavigationUITests;
				PRODUCT_NAME = "$(TARGET_NAME)";
				SWIFT_EMIT_LOC_STRINGS = NO;
				SWIFT_VERSION = 5.0;
				TARGETED_DEVICE_FAMILY = "1,2";
				TEST_TARGET_NAME = ViewNavigation;
			};
			name = Release;
		};
/* End XCBuildConfiguration section */

/* Begin XCConfigurationList section */
		84734BC8287D4408005E28CF /* Build configuration list for PBXProject "ViewNavigation" */ = {
			isa = XCConfigurationList;
			buildConfigurations = (
				84734BF5287D4409005E28CF /* Debug */,
				84734BF6287D4409005E28CF /* Release */,
			);
			defaultConfigurationIsVisible = 0;
			defaultConfigurationName = Release;
		};
		84734BF7287D4409005E28CF /* Build configuration list for PBXNativeTarget "ViewNavigation" */ = {
			isa = XCConfigurationList;
			buildConfigurations = (
				84734BF8287D4409005E28CF /* Debug */,
				84734BF9287D4409005E28CF /* Release */,
			);
			defaultConfigurationIsVisible = 0;
			defaultConfigurationName = Release;
		};
		84734BFA287D4409005E28CF /* Build configuration list for PBXNativeTarget "ViewNavigationTests" */ = {
			isa = XCConfigurationList;
			buildConfigurations = (
				84734BFB287D4409005E28CF /* Debug */,
				84734BFC287D4409005E28CF /* Release */,
			);
			defaultConfigurationIsVisible = 0;
			defaultConfigurationName = Release;
		};
		84734BFD287D4409005E28CF /* Build configuration list for PBXNativeTarget "ViewNavigationUITests" */ = {
			isa = XCConfigurationList;
			buildConfigurations = (
				84734BFE287D4409005E28CF /* Debug */,
				84734BFF287D4409005E28CF /* Release */,
			);
			defaultConfigurationIsVisible = 0;
			defaultConfigurationName = Release;
		};
/* End XCConfigurationList section */
	};
	rootObject = 84734BC5287D4408005E28CF /* Project object */;
}
